
Microsoft Visual Studio Solution File, Format Version 12.00
# Visual Studio Version 16
VisualStudioVersion = 16.0.31402.337
MinimumVisualStudioVersion = 10.0.40219.1
Project("{FAE04EC0-301F-11D3-BF4B-00C04F79EFBC}") = "TestMajorite", "Test Majorite\TestMajorite.csproj", "{C359A1BE-DE61-47E7-B619-21A7BBCA889C}"
EndProject
Project("{FAE04EC0-301F-11D3-BF4B-00C04F79EFBC}") = "CompteClient", "Compte\CompteClient.csproj", "{14A0DAD3-1B09-4C71-B23E-4462A22E0DB4}"
EndProject
Global
	GlobalSection(SolutionConfigurationPlatforms) = preSolution
		Debug|Any CPU = Debug|Any CPU
		Release|Any CPU = Release|Any CPU
	EndGlobalSection
	GlobalSection(ProjectConfigurationPlatforms) = postSolution
		{C359A1BE-DE61-47E7-B619-21A7BBCA889C}.Debug|Any CPU.ActiveCfg = Debug|Any CPU
		{C359A1BE-DE61-47E7-B619-21A7BBCA889C}.Debug|Any CPU.Build.0 = Debug|Any CPU
		{C359A1BE-DE61-47E7-B619-21A7BBCA889C}.Release|Any CPU.ActiveCfg = Release|Any CPU
		{C359A1BE-DE61-47E7-B619-21A7BBCA889C}.Release|Any CPU.Build.0 = Release|Any CPU
		{14A0DAD3-1B09-4C71-B23E-4462A22E0DB4}.Debug|Any CPU.ActiveCfg = Debug|Any CPU
		{14A0DAD3-1B09-4C71-B23E-4462A22E0DB4}.Debug|Any CPU.Build.0 = Debug|Any CPU
		{14A0DAD3-1B09-4C71-B23E-4462A22E0DB4}.Release|Any CPU.ActiveCfg = Release|Any CPU
		{14A0DAD3-1B09-4C71-B23E-4462A22E0DB4}.Release|Any CPU.Build.0 = Release|Any CPU
	EndGlobalSection
	GlobalSection(SolutionProperties) = preSolution
		HideSolutionNode = FALSE
	EndGlobalSection
	GlobalSection(ExtensibilityGlobals) = postSolution
		SolutionGuid = {E459E62D-2AEB-454E-AA6D-FF7D08A3D68A}
	EndGlobalSection
EndGlobal
