
Microsoft Visual Studio Solution File, Format Version 12.00
# Visual Studio Version 16
VisualStudioVersion = 16.0.31424.327
MinimumVisualStudioVersion = 10.0.40219.1
Project("{FAE04EC0-301F-11D3-BF4B-00C04F79EFBC}") = "ConsoleApp421", "421\ConsoleApp421.csproj", "{9DC2F74A-6E6F-4355-817F-CFE4A60A06DF}"
EndProject
Project("{FAE04EC0-301F-11D3-BF4B-00C04F79EFBC}") = "ClassLibrary421", "ClassLibrary421\ClassLibrary421.csproj", "{61E7F268-9BED-4CE1-8279-93E545C86C0B}"
EndProject
Global
	GlobalSection(SolutionConfigurationPlatforms) = preSolution
		Debug|Any CPU = Debug|Any CPU
		Release|Any CPU = Release|Any CPU
	EndGlobalSection
	GlobalSection(ProjectConfigurationPlatforms) = postSolution
		{9DC2F74A-6E6F-4355-817F-CFE4A60A06DF}.Debug|Any CPU.ActiveCfg = Debug|Any CPU
		{9DC2F74A-6E6F-4355-817F-CFE4A60A06DF}.Debug|Any CPU.Build.0 = Debug|Any CPU
		{9DC2F74A-6E6F-4355-817F-CFE4A60A06DF}.Release|Any CPU.ActiveCfg = Release|Any CPU
		{9DC2F74A-6E6F-4355-817F-CFE4A60A06DF}.Release|Any CPU.Build.0 = Release|Any CPU
		{61E7F268-9BED-4CE1-8279-93E545C86C0B}.Debug|Any CPU.ActiveCfg = Debug|Any CPU
		{61E7F268-9BED-4CE1-8279-93E545C86C0B}.Debug|Any CPU.Build.0 = Debug|Any CPU
		{61E7F268-9BED-4CE1-8279-93E545C86C0B}.Release|Any CPU.ActiveCfg = Release|Any CPU
		{61E7F268-9BED-4CE1-8279-93E545C86C0B}.Release|Any CPU.Build.0 = Release|Any CPU
	EndGlobalSection
	GlobalSection(SolutionProperties) = preSolution
		HideSolutionNode = FALSE
	EndGlobalSection
	GlobalSection(ExtensibilityGlobals) = postSolution
		SolutionGuid = {FF6BBA91-FA38-42D8-9763-32F3A2471292}
	EndGlobalSection
EndGlobal
