
Microsoft Visual Studio Solution File, Format Version 12.00
# Visual Studio Version 16
VisualStudioVersion = 16.0.31410.357
MinimumVisualStudioVersion = 10.0.40219.1
Project("{FAE04EC0-301F-11D3-BF4B-00C04F79EFBC}") = "Test", "Test\Test.csproj", "{DB47FF4E-9B12-4338-960D-5C8065C0BC8B}"
EndProject
Global
	GlobalSection(SolutionConfigurationPlatforms) = preSolution
		Debug|Any CPU = Debug|Any CPU
		Release|Any CPU = Release|Any CPU
	EndGlobalSection
	GlobalSection(ProjectConfigurationPlatforms) = postSolution
		{DB47FF4E-9B12-4338-960D-5C8065C0BC8B}.Debug|Any CPU.ActiveCfg = Debug|Any CPU
		{DB47FF4E-9B12-4338-960D-5C8065C0BC8B}.Debug|Any CPU.Build.0 = Debug|Any CPU
		{DB47FF4E-9B12-4338-960D-5C8065C0BC8B}.Release|Any CPU.ActiveCfg = Release|Any CPU
		{DB47FF4E-9B12-4338-960D-5C8065C0BC8B}.Release|Any CPU.Build.0 = Release|Any CPU
	EndGlobalSection
	GlobalSection(SolutionProperties) = preSolution
		HideSolutionNode = FALSE
	EndGlobalSection
	GlobalSection(ExtensibilityGlobals) = postSolution
		SolutionGuid = {7B1AE675-6B6A-4AD7-8460-193F3340CD1F}
	EndGlobalSection
EndGlobal
